
Microsoft Visual Studio Solution File, Format Version 12.00
# Visual Studio Version 16
VisualStudioVersion = 16.0.30804.86
MinimumVisualStudioVersion = 10.0.40219.1
Project("{9A19103F-16F7-4668-BE54-9A1E7A4F7556}") = "Salty Owl Discord Bot", "Salty Owl Discord Bot.csproj", "{3874629A-25A6-4502-BE65-58DD825604CC}"
EndProject
Global
	GlobalSection(SolutionConfigurationPlatforms) = preSolution
		Debug|Any CPU = Debug|Any CPU
		Debug|x64 = Debug|x64
		Release|Any CPU = Release|Any CPU
		Release|x64 = Release|x64
	EndGlobalSection
	GlobalSection(ProjectConfigurationPlatforms) = postSolution
		{3874629A-25A6-4502-BE65-58DD825604CC}.Debug|Any CPU.ActiveCfg = Debug|Any CPU
		{3874629A-25A6-4502-BE65-58DD825604CC}.Debug|Any CPU.Build.0 = Debug|Any CPU
		{3874629A-25A6-4502-BE65-58DD825604CC}.Debug|x64.ActiveCfg = Debug|x64
		{3874629A-25A6-4502-BE65-58DD825604CC}.Debug|x64.Build.0 = Debug|x64
		{3874629A-25A6-4502-BE65-58DD825604CC}.Release|Any CPU.ActiveCfg = Release|Any CPU
		{3874629A-25A6-4502-BE65-58DD825604CC}.Release|Any CPU.Build.0 = Release|Any CPU
		{3874629A-25A6-4502-BE65-58DD825604CC}.Release|x64.ActiveCfg = Release|x64
		{3874629A-25A6-4502-BE65-58DD825604CC}.Release|x64.Build.0 = Release|x64
	EndGlobalSection
	GlobalSection(SolutionProperties) = preSolution
		HideSolutionNode = FALSE
	EndGlobalSection
	GlobalSection(ExtensibilityGlobals) = postSolution
		SolutionGuid = {F1503AC3-CCDC-4056-9132-2EF5FB4C4F83}
	EndGlobalSection
EndGlobal
